
Microsoft Visual Studio Solution File, Format Version 12.00
# Visual Studio Version 16
VisualStudioVersion = 16.0.30907.101
MinimumVisualStudioVersion = 10.0.40219.1
Project("{FAE04EC0-301F-11D3-BF4B-00C04F79EFBC}") = "DataAccess", "DataAccess\DataAccess.csproj", "{DACF8F20-C4C8-4CEB-9553-10272468B7BC}"
EndProject
Project("{FAE04EC0-301F-11D3-BF4B-00C04F79EFBC}") = "Business", "Business\Business.csproj", "{571F194F-0F46-422E-90BD-DC5400537353}"
EndProject
Project("{FAE04EC0-301F-11D3-BF4B-00C04F79EFBC}") = "Entities", "Entities\Entities.csproj", "{4C3A34CA-B172-4CA9-BAC3-3428A126BF5A}"
EndProject
Project("{FAE04EC0-301F-11D3-BF4B-00C04F79EFBC}") = "ConsoleUI", "ConsoleUI\ConsoleUI.csproj", "{08D82463-B962-4CFF-ADDE-C19E910BBD04}"
EndProject
Global
	GlobalSection(SolutionConfigurationPlatforms) = preSolution
		Debug|Any CPU = Debug|Any CPU
		Release|Any CPU = Release|Any CPU
	EndGlobalSection
	GlobalSection(ProjectConfigurationPlatforms) = postSolution
		{DACF8F20-C4C8-4CEB-9553-10272468B7BC}.Debug|Any CPU.ActiveCfg = Debug|Any CPU
		{DACF8F20-C4C8-4CEB-9553-10272468B7BC}.Debug|Any CPU.Build.0 = Debug|Any CPU
		{DACF8F20-C4C8-4CEB-9553-10272468B7BC}.Release|Any CPU.ActiveCfg = Release|Any CPU
		{DACF8F20-C4C8-4CEB-9553-10272468B7BC}.Release|Any CPU.Build.0 = Release|Any CPU
		{571F194F-0F46-422E-90BD-DC5400537353}.Debug|Any CPU.ActiveCfg = Debug|Any CPU
		{571F194F-0F46-422E-90BD-DC5400537353}.Debug|Any CPU.Build.0 = Debug|Any CPU
		{571F194F-0F46-422E-90BD-DC5400537353}.Release|Any CPU.ActiveCfg = Release|Any CPU
		{571F194F-0F46-422E-90BD-DC5400537353}.Release|Any CPU.Build.0 = Release|Any CPU
		{4C3A34CA-B172-4CA9-BAC3-3428A126BF5A}.Debug|Any CPU.ActiveCfg = Debug|Any CPU
		{4C3A34CA-B172-4CA9-BAC3-3428A126BF5A}.Debug|Any CPU.Build.0 = Debug|Any CPU
		{4C3A34CA-B172-4CA9-BAC3-3428A126BF5A}.Release|Any CPU.ActiveCfg = Release|Any CPU
		{4C3A34CA-B172-4CA9-BAC3-3428A126BF5A}.Release|Any CPU.Build.0 = Release|Any CPU
		{08D82463-B962-4CFF-ADDE-C19E910BBD04}.Debug|Any CPU.ActiveCfg = Debug|Any CPU
		{08D82463-B962-4CFF-ADDE-C19E910BBD04}.Debug|Any CPU.Build.0 = Debug|Any CPU
		{08D82463-B962-4CFF-ADDE-C19E910BBD04}.Release|Any CPU.ActiveCfg = Release|Any CPU
		{08D82463-B962-4CFF-ADDE-C19E910BBD04}.Release|Any CPU.Build.0 = Release|Any CPU
	EndGlobalSection
	GlobalSection(SolutionProperties) = preSolution
		HideSolutionNode = FALSE
	EndGlobalSection
	GlobalSection(ExtensibilityGlobals) = postSolution
		SolutionGuid = {3BCCFEAE-A0D6-436E-BECE-0225549EFB06}
	EndGlobalSection
EndGlobal
